
Microsoft Visual Studio Solution File, Format Version 12.00
# Visual Studio Express 2012 for Windows Desktop
Project("{8BC9CEB8-8B4A-11D0-8D11-00A0C91BC942}") = "Chapter12-4", "Chapter12-4\Chapter12-4.vcxproj", "{2F645C6B-8720-45C4-A0E9-0B0B01F63461}"
EndProject
Global
	GlobalSection(SolutionConfigurationPlatforms) = preSolution
		Debug|Win32 = Debug|Win32
		Release|Win32 = Release|Win32
	EndGlobalSection
	GlobalSection(ProjectConfigurationPlatforms) = postSolution
		{2F645C6B-8720-45C4-A0E9-0B0B01F63461}.Debug|Win32.ActiveCfg = Debug|Win32
		{2F645C6B-8720-45C4-A0E9-0B0B01F63461}.Debug|Win32.Build.0 = Debug|Win32
		{2F645C6B-8720-45C4-A0E9-0B0B01F63461}.Release|Win32.ActiveCfg = Release|Win32
		{2F645C6B-8720-45C4-A0E9-0B0B01F63461}.Release|Win32.Build.0 = Release|Win32
	EndGlobalSection
	GlobalSection(SolutionProperties) = preSolution
		HideSolutionNode = FALSE
	EndGlobalSection
EndGlobal
