
Microsoft Visual Studio Solution File, Format Version 12.00
# Visual Studio Express 2012 for Windows Desktop
Project("{8BC9CEB8-8B4A-11D0-8D11-00A0C91BC942}") = "Chapter4-6", "Chapter4-6\Chapter4-6.vcxproj", "{619D466A-3BAF-4E92-8E62-11DEEEAB3B00}"
EndProject
Global
	GlobalSection(SolutionConfigurationPlatforms) = preSolution
		Debug|Win32 = Debug|Win32
		Release|Win32 = Release|Win32
	EndGlobalSection
	GlobalSection(ProjectConfigurationPlatforms) = postSolution
		{619D466A-3BAF-4E92-8E62-11DEEEAB3B00}.Debug|Win32.ActiveCfg = Debug|Win32
		{619D466A-3BAF-4E92-8E62-11DEEEAB3B00}.Debug|Win32.Build.0 = Debug|Win32
		{619D466A-3BAF-4E92-8E62-11DEEEAB3B00}.Release|Win32.ActiveCfg = Release|Win32
		{619D466A-3BAF-4E92-8E62-11DEEEAB3B00}.Release|Win32.Build.0 = Release|Win32
	EndGlobalSection
	GlobalSection(SolutionProperties) = preSolution
		HideSolutionNode = FALSE
	EndGlobalSection
EndGlobal
