
Microsoft Visual Studio Solution File, Format Version 12.00
# Visual Studio Express 2012 for Windows Desktop
Project("{8BC9CEB8-8B4A-11D0-8D11-00A0C91BC942}") = "Chapter14-1", "Chapter14-1\Chapter14-1.vcxproj", "{BFA0EB2D-84DB-401E-ACF5-82CA046C2205}"
EndProject
Global
	GlobalSection(SolutionConfigurationPlatforms) = preSolution
		Debug|Win32 = Debug|Win32
		Release|Win32 = Release|Win32
	EndGlobalSection
	GlobalSection(ProjectConfigurationPlatforms) = postSolution
		{BFA0EB2D-84DB-401E-ACF5-82CA046C2205}.Debug|Win32.ActiveCfg = Debug|Win32
		{BFA0EB2D-84DB-401E-ACF5-82CA046C2205}.Debug|Win32.Build.0 = Debug|Win32
		{BFA0EB2D-84DB-401E-ACF5-82CA046C2205}.Release|Win32.ActiveCfg = Release|Win32
		{BFA0EB2D-84DB-401E-ACF5-82CA046C2205}.Release|Win32.Build.0 = Release|Win32
	EndGlobalSection
	GlobalSection(SolutionProperties) = preSolution
		HideSolutionNode = FALSE
	EndGlobalSection
EndGlobal
