
Microsoft Visual Studio Solution File, Format Version 12.00
# Visual Studio Express 2012 for Windows Desktop
Project("{8BC9CEB8-8B4A-11D0-8D11-00A0C91BC942}") = "Chapter8-5", "Chapter8-5\Chapter8-5.vcxproj", "{CA3731E2-54BE-4FD3-889B-D57AA3BFFE6E}"
EndProject
Global
	GlobalSection(SolutionConfigurationPlatforms) = preSolution
		Debug|Win32 = Debug|Win32
		Release|Win32 = Release|Win32
	EndGlobalSection
	GlobalSection(ProjectConfigurationPlatforms) = postSolution
		{CA3731E2-54BE-4FD3-889B-D57AA3BFFE6E}.Debug|Win32.ActiveCfg = Debug|Win32
		{CA3731E2-54BE-4FD3-889B-D57AA3BFFE6E}.Debug|Win32.Build.0 = Debug|Win32
		{CA3731E2-54BE-4FD3-889B-D57AA3BFFE6E}.Release|Win32.ActiveCfg = Release|Win32
		{CA3731E2-54BE-4FD3-889B-D57AA3BFFE6E}.Release|Win32.Build.0 = Release|Win32
	EndGlobalSection
	GlobalSection(SolutionProperties) = preSolution
		HideSolutionNode = FALSE
	EndGlobalSection
EndGlobal
