
Microsoft Visual Studio Solution File, Format Version 12.00
# Visual Studio Express 2012 for Windows Desktop
Project("{8BC9CEB8-8B4A-11D0-8D11-00A0C91BC942}") = "Chapter6-4", "Chapter6-4\Chapter6-4.vcxproj", "{949E48CE-D2F7-4474-889C-98E37B1B2277}"
EndProject
Global
	GlobalSection(SolutionConfigurationPlatforms) = preSolution
		Debug|Win32 = Debug|Win32
		Release|Win32 = Release|Win32
	EndGlobalSection
	GlobalSection(ProjectConfigurationPlatforms) = postSolution
		{949E48CE-D2F7-4474-889C-98E37B1B2277}.Debug|Win32.ActiveCfg = Debug|Win32
		{949E48CE-D2F7-4474-889C-98E37B1B2277}.Debug|Win32.Build.0 = Debug|Win32
		{949E48CE-D2F7-4474-889C-98E37B1B2277}.Release|Win32.ActiveCfg = Release|Win32
		{949E48CE-D2F7-4474-889C-98E37B1B2277}.Release|Win32.Build.0 = Release|Win32
	EndGlobalSection
	GlobalSection(SolutionProperties) = preSolution
		HideSolutionNode = FALSE
	EndGlobalSection
EndGlobal
