
Microsoft Visual Studio Solution File, Format Version 12.00
# Visual Studio Express 2012 for Windows Desktop
Project("{8BC9CEB8-8B4A-11D0-8D11-00A0C91BC942}") = "Chapter3-1", "Chapter3-1\Chapter3-1.vcxproj", "{55B8A444-EC80-4309-AA11-7213BB48CD5B}"
EndProject
Global
	GlobalSection(SolutionConfigurationPlatforms) = preSolution
		Debug|Win32 = Debug|Win32
		Release|Win32 = Release|Win32
	EndGlobalSection
	GlobalSection(ProjectConfigurationPlatforms) = postSolution
		{55B8A444-EC80-4309-AA11-7213BB48CD5B}.Debug|Win32.ActiveCfg = Debug|Win32
		{55B8A444-EC80-4309-AA11-7213BB48CD5B}.Debug|Win32.Build.0 = Debug|Win32
		{55B8A444-EC80-4309-AA11-7213BB48CD5B}.Release|Win32.ActiveCfg = Release|Win32
		{55B8A444-EC80-4309-AA11-7213BB48CD5B}.Release|Win32.Build.0 = Release|Win32
	EndGlobalSection
	GlobalSection(SolutionProperties) = preSolution
		HideSolutionNode = FALSE
	EndGlobalSection
EndGlobal
